// !$*UTF8*$!
{
	archiveVersion = 1;
	classes = {
	};
	objectVersion = 70;
	objects = {

/* Begin PBXBuildFile section */
		400000000000000000000001 /* CorePackage in Frameworks */ = {isa = PBXBuildFile; productRef = 300000000000000000000001 /* CorePackage */; };
		400000000000000000000002 /* DataPackage in Frameworks */ = {isa = PBXBuildFile; productRef = 300000000000000000000002 /* DataPackage */; };
		400000000000000000000003 /* ServicesPackage in Frameworks */ = {isa = PBXBuildFile; productRef = 300000000000000000000003 /* ServicesPackage */; };
		400000000000000000000004 /* DesignTokens in Frameworks */ = {isa = PBXBuildFile; productRef = 300000000000000000000004 /* DesignTokens */; };
		400000000000000000000005 /* DiscoveryFeature in Frameworks */ = {isa = PBXBuildFile; productRef = 300000000000000000000005 /* DiscoveryFeature */; };
		400000000000000000000006 /* ARFeature in Frameworks */ = {isa = PBXBuildFile; productRef = 300000000000000000000006 /* ARFeature */; };
		400000000000000000000007 /* DexFeature in Frameworks */ = {isa = PBXBuildFile; productRef = 300000000000000000000007 /* DexFeature */; };
		400000000000000000000008 /* HomeFeature in Frameworks */ = {isa = PBXBuildFile; productRef = 300000000000000000000008 /* HomeFeature */; };
		400000000000000000000009 /* MinigameFeature in Frameworks */ = {isa = PBXBuildFile; productRef = 300000000000000000000009 /* MinigameFeature */; };
		40000000000000000000000A /* OnboardingFeature in Frameworks */ = {isa = PBXBuildFile; productRef = 30000000000000000000000A /* OnboardingFeature */; };
		400000000000000000000011 /* chameleon.usdz in Resources */ = {isa = PBXBuildFile; fileRef = 100000000000000000000011 /* chameleon.usdz */; };
/* End PBXBuildFile section */

/* Begin PBXFileReference section */
		100000000000000000000005 /* CatureApp.app */ = {isa = PBXFileReference; explicitFileType = wrapper.application; includeInIndex = 0; path = CatureApp.app; sourceTree = BUILT_PRODUCTS_DIR; };
		100000000000000000000010 /* Base.xcconfig */ = {isa = PBXFileReference; lastKnownFileType = text.xcconfig; path = Config/Base.xcconfig; sourceTree = "<group>"; };
		100000000000000000000011 /* chameleon.usdz */ = {isa = PBXFileReference; lastKnownFileType = file; path = Assets3D/chameleon.usdz; sourceTree = "<group>"; };
/* End PBXFileReference section */

/* Begin PBXFileSystemSynchronizedRootGroup section */
		100000000000000000000006 /* CatureApp */ = {isa = PBXFileSystemSynchronizedRootGroup; explicitFileTypes = {}; explicitFolders = (); path = CatureApp; sourceTree = "<group>"; };
/* End PBXFileSystemSynchronizedRootGroup section */

/* Begin PBXFrameworksBuildPhase section */
		100000000000000000000008 /* Frameworks */ = {
			isa = PBXFrameworksBuildPhase;
			buildActionMask = 2147483647;
			files = (
				400000000000000000000001 /* CorePackage in Frameworks */,
				400000000000000000000002 /* DataPackage in Frameworks */,
				400000000000000000000003 /* ServicesPackage in Frameworks */,
				400000000000000000000004 /* DesignTokens in Frameworks */,
				400000000000000000000005 /* DiscoveryFeature in Frameworks */,
				400000000000000000000006 /* ARFeature in Frameworks */,
				400000000000000000000007 /* DexFeature in Frameworks */,
				400000000000000000000008 /* HomeFeature in Frameworks */,
				400000000000000000000009 /* MinigameFeature in Frameworks */,
				40000000000000000000000A /* OnboardingFeature in Frameworks */,
			);
			runOnlyForDeploymentPostprocessing = 0;
		};
/* End PBXFrameworksBuildPhase section */

/* Begin PBXGroup section */
		100000000000000000000002 = {
			isa = PBXGroup;
			children = (
				100000000000000000000010 /* Base.xcconfig */,
				100000000000000000000011 /* chameleon.usdz */,
				100000000000000000000006 /* CatureApp */,
				100000000000000000000003 /* Products */,
			);
			sourceTree = "<group>";
		};
		100000000000000000000003 /* Products */ = {
			isa = PBXGroup;
			children = (
				100000000000000000000005 /* CatureApp.app */,
			);
			name = Products;
			sourceTree = "<group>";
		};
/* End PBXGroup section */

/* Begin PBXNativeTarget section */
		100000000000000000000004 /* CatureApp */ = {
			isa = PBXNativeTarget;
			buildConfigurationList = 10000000000000000000000D /* Build configuration list for PBXNativeTarget "CatureApp" */;
			buildPhases = (
				100000000000000000000007 /* Sources */,
				100000000000000000000008 /* Frameworks */,
				100000000000000000000009 /* Resources */,
			);
			buildRules = (
			);
			dependencies = (
			);
			fileSystemSynchronizedGroups = (
				100000000000000000000006 /* CatureApp */,
			);
			name = CatureApp;
			packageProductDependencies = (
				300000000000000000000001 /* CorePackage */,
				300000000000000000000002 /* DataPackage */,
				300000000000000000000003 /* ServicesPackage */,
				300000000000000000000004 /* DesignTokens */,
				300000000000000000000005 /* DiscoveryFeature */,
				300000000000000000000006 /* ARFeature */,
				300000000000000000000007 /* DexFeature */,
				300000000000000000000008 /* HomeFeature */,
				300000000000000000000009 /* MinigameFeature */,
				30000000000000000000000A /* OnboardingFeature */,
			);
			productName = CatureApp;
			productReference = 100000000000000000000005 /* CatureApp.app */;
			productType = "com.apple.product-type.application";
		};
/* End PBXNativeTarget section */

/* Begin PBXProject section */
		100000000000000000000001 /* Project object */ = {
			isa = PBXProject;
			attributes = {
				BuildIndependentTargetsInParallel = 1;
				LastSwiftUpdateCheck = 2620;
				LastUpgradeCheck = 2620;
				TargetAttributes = {
					100000000000000000000004 = {
						CreatedOnToolsVersion = 26.2;
					};
				};
			};
			buildConfigurationList = 10000000000000000000000A /* Build configuration list for PBXProject "Cature" */;
			compatibilityVersion = "Xcode 15.0";
			developmentRegion = en;
			hasScannedForEncodings = 0;
			knownRegions = (
				en,
				Base,
			);
			mainGroup = 100000000000000000000002;
			minimizedProjectReferenceProxies = 1;
			packageReferences = (
				200000000000000000000001 /* XCLocalSwiftPackageReference "Packages/CorePackage" */,
				200000000000000000000002 /* XCLocalSwiftPackageReference "Packages/DataPackage" */,
				200000000000000000000003 /* XCLocalSwiftPackageReference "Packages/ServicesPackage" */,
				200000000000000000000004 /* XCLocalSwiftPackageReference "Packages/DesignTokens" */,
				200000000000000000000005 /* XCLocalSwiftPackageReference "Packages/DiscoveryFeature" */,
				200000000000000000000006 /* XCLocalSwiftPackageReference "Packages/ARFeature" */,
				200000000000000000000007 /* XCLocalSwiftPackageReference "Packages/DexFeature" */,
				200000000000000000000008 /* XCLocalSwiftPackageReference "Packages/HomeFeature" */,
				200000000000000000000009 /* XCLocalSwiftPackageReference "Packages/MinigameFeature" */,
				20000000000000000000000A /* XCLocalSwiftPackageReference "Packages/OnboardingFeature" */,
			);
			productRefGroup = 100000000000000000000003 /* Products */;
			projectDirPath = "";
			projectRoot = "";
			targets = (
				100000000000000000000004 /* CatureApp */,
			);
		};
/* End PBXProject section */

/* Begin PBXResourcesBuildPhase section */
		100000000000000000000009 /* Resources */ = {
			isa = PBXResourcesBuildPhase;
			buildActionMask = 2147483647;
			files = (
				400000000000000000000011 /* chameleon.usdz in Resources */,
			);
			runOnlyForDeploymentPostprocessing = 0;
		};
/* End PBXResourcesBuildPhase section */

/* Begin PBXSourcesBuildPhase section */
		100000000000000000000007 /* Sources */ = {
			isa = PBXSourcesBuildPhase;
			buildActionMask = 2147483647;
			files = (
			);
			runOnlyForDeploymentPostprocessing = 0;
		};
/* End PBXSourcesBuildPhase section */

/* Begin XCBuildConfiguration section */
		10000000000000000000000B /* Debug */ = {
			isa = XCBuildConfiguration;
			buildSettings = {
				ALWAYS_SEARCH_USER_PATHS = NO;
				ASSETCATALOG_COMPILER_GENERATE_SWIFT_ASSET_SYMBOL_EXTENSIONS = YES;
				CLANG_ENABLE_MODULES = YES;
				CLANG_ENABLE_OBJC_ARC = YES;
				CLANG_ENABLE_OBJC_WEAK = YES;
				COPY_PHASE_STRIP = NO;
				DEBUG_INFORMATION_FORMAT = dwarf;
				ENABLE_STRICT_OBJC_MSGSEND = YES;
				ENABLE_TESTABILITY = YES;
				ENABLE_USER_SCRIPT_SANDBOXING = YES;
				GCC_NO_COMMON_BLOCKS = YES;
				GCC_OPTIMIZATION_LEVEL = 0;
				GCC_PREPROCESSOR_DEFINITIONS = (
					"DEBUG=1",
					"$(inherited)",
				);
				IPHONEOS_DEPLOYMENT_TARGET = 17.0;
				LOCALIZATION_PREFERS_STRING_CATALOGS = YES;
				MTL_ENABLE_DEBUG_INFO = INCLUDE_SOURCE;
				MTL_FAST_MATH = YES;
				ONLY_ACTIVE_ARCH = YES;
				SDKROOT = iphoneos;
				SWIFT_ACTIVE_COMPILATION_CONDITIONS = "DEBUG $(inherited)";
				SWIFT_OPTIMIZATION_LEVEL = "-Onone";
			};
			name = Debug;
		};
		10000000000000000000000C /* Release */ = {
			isa = XCBuildConfiguration;
			buildSettings = {
				ALWAYS_SEARCH_USER_PATHS = NO;
				ASSETCATALOG_COMPILER_GENERATE_SWIFT_ASSET_SYMBOL_EXTENSIONS = YES;
				CLANG_ENABLE_MODULES = YES;
				CLANG_ENABLE_OBJC_ARC = YES;
				CLANG_ENABLE_OBJC_WEAK = YES;
				COPY_PHASE_STRIP = NO;
				DEBUG_INFORMATION_FORMAT = "dwarf-with-dsym";
				ENABLE_NS_ASSERTIONS = NO;
				ENABLE_STRICT_OBJC_MSGSEND = YES;
				ENABLE_USER_SCRIPT_SANDBOXING = YES;
				GCC_NO_COMMON_BLOCKS = YES;
				IPHONEOS_DEPLOYMENT_TARGET = 17.0;
				LOCALIZATION_PREFERS_STRING_CATALOGS = YES;
				MTL_ENABLE_DEBUG_INFO = NO;
				MTL_FAST_MATH = YES;
				SDKROOT = iphoneos;
				SWIFT_COMPILATION_MODE = wholemodule;
				VALIDATE_PRODUCT = YES;
			};
			name = Release;
		};
		10000000000000000000000E /* Debug */ = {
			isa = XCBuildConfiguration;
			baseConfigurationReference = 100000000000000000000010 /* Base.xcconfig */;
			buildSettings = {
				ASSETCATALOG_COMPILER_APPICON_NAME = AppIcon;
				ASSETCATALOG_COMPILER_GLOBAL_ACCENT_COLOR_NAME = AccentColor;
				CODE_SIGN_STYLE = Automatic;
				CURRENT_PROJECT_VERSION = 1;
				ENABLE_PREVIEWS = YES;
				GENERATE_INFOPLIST_FILE = YES;
				INFOPLIST_KEY_UIApplicationSceneManifest_Generation = YES;
				INFOPLIST_KEY_UIApplicationSupportsIndirectInputEvents = YES;
				INFOPLIST_KEY_UILaunchScreen_Generation = YES;
				INFOPLIST_KEY_UISupportedInterfaceOrientations_iPhone = "UIInterfaceOrientationPortrait UIInterfaceOrientationLandscapeLeft UIInterfaceOrientationLandscapeRight";
				LD_RUNPATH_SEARCH_PATHS = (
					"$(inherited)",
					"@executable_path/Frameworks",
				);
				MARKETING_VERSION = 1.0;
				PRODUCT_BUNDLE_IDENTIFIER = com.cature.CatureApp;
				PRODUCT_NAME = "$(TARGET_NAME)";
				SWIFT_EMIT_LOC_STRINGS = YES;
				SWIFT_VERSION = 6.0;
				TARGETED_DEVICE_FAMILY = 1;
			};
			name = Debug;
		};
		10000000000000000000000F /* Release */ = {
			isa = XCBuildConfiguration;
			baseConfigurationReference = 100000000000000000000010 /* Base.xcconfig */;
			buildSettings = {
				ASSETCATALOG_COMPILER_APPICON_NAME = AppIcon;
				ASSETCATALOG_COMPILER_GLOBAL_ACCENT_COLOR_NAME = AccentColor;
				CODE_SIGN_STYLE = Automatic;
				CURRENT_PROJECT_VERSION = 1;
				ENABLE_PREVIEWS = YES;
				GENERATE_INFOPLIST_FILE = YES;
				INFOPLIST_KEY_UIApplicationSceneManifest_Generation = YES;
				INFOPLIST_KEY_UIApplicationSupportsIndirectInputEvents = YES;
				INFOPLIST_KEY_UILaunchScreen_Generation = YES;
				INFOPLIST_KEY_UISupportedInterfaceOrientations_iPhone = "UIInterfaceOrientationPortrait UIInterfaceOrientationLandscapeLeft UIInterfaceOrientationLandscapeRight";
				LD_RUNPATH_SEARCH_PATHS = (
					"$(inherited)",
					"@executable_path/Frameworks",
				);
				MARKETING_VERSION = 1.0;
				PRODUCT_BUNDLE_IDENTIFIER = com.cature.CatureApp;
				PRODUCT_NAME = "$(TARGET_NAME)";
				SWIFT_EMIT_LOC_STRINGS = YES;
				SWIFT_VERSION = 6.0;
				TARGETED_DEVICE_FAMILY = 1;
			};
			name = Release;
		};
/* End XCBuildConfiguration section */

/* Begin XCConfigurationList section */
		10000000000000000000000A /* Build configuration list for PBXProject "Cature" */ = {
			isa = XCConfigurationList;
			buildConfigurations = (
				10000000000000000000000B /* Debug */,
				10000000000000000000000C /* Release */,
			);
			defaultConfigurationIsVisible = 0;
			defaultConfigurationName = Release;
		};
		10000000000000000000000D /* Build configuration list for PBXNativeTarget "CatureApp" */ = {
			isa = XCConfigurationList;
			buildConfigurations = (
				10000000000000000000000E /* Debug */,
				10000000000000000000000F /* Release */,
			);
			defaultConfigurationIsVisible = 0;
			defaultConfigurationName = Release;
		};
/* End XCConfigurationList section */

/* Begin XCLocalSwiftPackageReference section */
		200000000000000000000001 /* XCLocalSwiftPackageReference "Packages/CorePackage" */ = {
			isa = XCLocalSwiftPackageReference;
			relativePath = Packages/CorePackage;
		};
		200000000000000000000002 /* XCLocalSwiftPackageReference "Packages/DataPackage" */ = {
			isa = XCLocalSwiftPackageReference;
			relativePath = Packages/DataPackage;
		};
		200000000000000000000003 /* XCLocalSwiftPackageReference "Packages/ServicesPackage" */ = {
			isa = XCLocalSwiftPackageReference;
			relativePath = Packages/ServicesPackage;
		};
		200000000000000000000004 /* XCLocalSwiftPackageReference "Packages/DesignTokens" */ = {
			isa = XCLocalSwiftPackageReference;
			relativePath = Packages/DesignTokens;
		};
		200000000000000000000005 /* XCLocalSwiftPackageReference "Packages/DiscoveryFeature" */ = {
			isa = XCLocalSwiftPackageReference;
			relativePath = Packages/DiscoveryFeature;
		};
		200000000000000000000006 /* XCLocalSwiftPackageReference "Packages/ARFeature" */ = {
			isa = XCLocalSwiftPackageReference;
			relativePath = Packages/ARFeature;
		};
		200000000000000000000007 /* XCLocalSwiftPackageReference "Packages/DexFeature" */ = {
			isa = XCLocalSwiftPackageReference;
			relativePath = Packages/DexFeature;
		};
		200000000000000000000008 /* XCLocalSwiftPackageReference "Packages/HomeFeature" */ = {
			isa = XCLocalSwiftPackageReference;
			relativePath = Packages/HomeFeature;
		};
		200000000000000000000009 /* XCLocalSwiftPackageReference "Packages/MinigameFeature" */ = {
			isa = XCLocalSwiftPackageReference;
			relativePath = Packages/MinigameFeature;
		};
		20000000000000000000000A /* XCLocalSwiftPackageReference "Packages/OnboardingFeature" */ = {
			isa = XCLocalSwiftPackageReference;
			relativePath = Packages/OnboardingFeature;
		};
/* End XCLocalSwiftPackageReference section */

/* Begin XCSwiftPackageProductDependency section */
		300000000000000000000001 /* CorePackage */ = {
			isa = XCSwiftPackageProductDependency;
			productName = CorePackage;
		};
		300000000000000000000002 /* DataPackage */ = {
			isa = XCSwiftPackageProductDependency;
			productName = DataPackage;
		};
		300000000000000000000003 /* ServicesPackage */ = {
			isa = XCSwiftPackageProductDependency;
			productName = ServicesPackage;
		};
		300000000000000000000004 /* DesignTokens */ = {
			isa = XCSwiftPackageProductDependency;
			productName = DesignTokens;
		};
		300000000000000000000005 /* DiscoveryFeature */ = {
			isa = XCSwiftPackageProductDependency;
			productName = DiscoveryFeature;
		};
		300000000000000000000006 /* ARFeature */ = {
			isa = XCSwiftPackageProductDependency;
			productName = ARFeature;
		};
		300000000000000000000007 /* DexFeature */ = {
			isa = XCSwiftPackageProductDependency;
			productName = DexFeature;
		};
		300000000000000000000008 /* HomeFeature */ = {
			isa = XCSwiftPackageProductDependency;
			productName = HomeFeature;
		};
		300000000000000000000009 /* MinigameFeature */ = {
			isa = XCSwiftPackageProductDependency;
			productName = MinigameFeature;
		};
		30000000000000000000000A /* OnboardingFeature */ = {
			isa = XCSwiftPackageProductDependency;
			productName = OnboardingFeature;
		};
/* End XCSwiftPackageProductDependency section */
	};
	rootObject = 100000000000000000000001 /* Project object */;
}
